// !$*UTF8*$!
{
	archiveVersion = 1;
	classes = {
	};
	objectVersion = 46;
	objects = {

/* Begin PBXBuildFile section */
		A162D6DF1E901B6E00031FCB /* ReactNativeVolumeController.m in Sources */ = {isa = PBXBuildFile; fileRef = A162D6DE1E901B6E00031FCB /* ReactNativeVolumeController.m */; };
		A162D6E01E901B6E00031FCB /* ReactNativeVolumeController.h in CopyFiles */ = {isa = PBXBuildFile; fileRef = A162D6DD1E901B6E00031FCB /* ReactNativeVolumeController.h */; };
/* End PBXBuildFile section */

/* Begin PBXCopyFilesBuildPhase section */
		A162D6D81E901B6E00031FCB /* CopyFiles */ = {
			isa = PBXCopyFilesBuildPhase;
			buildActionMask = 2147483647;
			dstPath = "include/$(PRODUCT_NAME)";
			dstSubfolderSpec = 16;
			files = (
				A162D6E01E901B6E00031FCB /* ReactNativeVolumeController.h in CopyFiles */,
			);
			runOnlyForDeploymentPostprocessing = 0;
		};
/* End PBXCopyFilesBuildPhase section */

/* Begin PBXFileReference section */
		A162D6DA1E901B6E00031FCB /* libReactNativeVolumeController.a */ = {isa = PBXFileReference; explicitFileType = archive.ar; includeInIndex = 0; path = libReactNativeVolumeController.a; sourceTree = BUILT_PRODUCTS_DIR; };
		A162D6DD1E901B6E00031FCB /* ReactNativeVolumeController.h */ = {isa = PBXFileReference; lastKnownFileType = sourcecode.c.h; path = ReactNativeVolumeController.h; sourceTree = "<group>"; };
		A162D6DE1E901B6E00031FCB /* ReactNativeVolumeController.m */ = {isa = PBXFileReference; lastKnownFileType = sourcecode.c.objc; path = ReactNativeVolumeController.m; sourceTree = "<group>"; };
/* End PBXFileReference section */

/* Begin PBXFrameworksBuildPhase section */
		A162D6D71E901B6E00031FCB /* Frameworks */ = {
			isa = PBXFrameworksBuildPhase;
			buildActionMask = 2147483647;
			files = (
			);
			runOnlyForDeploymentPostprocessing = 0;
		};
/* End PBXFrameworksBuildPhase section */

/* Begin PBXGroup section */
		A162D6D11E901B6D00031FCB = {
			isa = PBXGroup;
			children = (
				A162D6DC1E901B6E00031FCB /* ReactNativeVolumeController */,
				A162D6DB1E901B6E00031FCB /* Products */,
			);
			sourceTree = "<group>";
		};
		A162D6DB1E901B6E00031FCB /* Products */ = {
			isa = PBXGroup;
			children = (
				A162D6DA1E901B6E00031FCB /* libReactNativeVolumeController.a */,
			);
			name = Products;
			sourceTree = "<group>";
		};
		A162D6DC1E901B6E00031FCB /* ReactNativeVolumeController */ = {
			isa = PBXGroup;
			children = (
				A162D6DD1E901B6E00031FCB /* ReactNativeVolumeController.h */,
				A162D6DE1E901B6E00031FCB /* ReactNativeVolumeController.m */,
			);
			path = ReactNativeVolumeController;
			sourceTree = "<group>";
		};
/* End PBXGroup section */

/* Begin PBXNativeTarget section */
		A162D6D91E901B6E00031FCB /* ReactNativeVolumeController */ = {
			isa = PBXNativeTarget;
			buildConfigurationList = A162D6E31E901B6E00031FCB /* Build configuration list for PBXNativeTarget "ReactNativeVolumeController" */;
			buildPhases = (
				A162D6D61E901B6E00031FCB /* Sources */,
				A162D6D71E901B6E00031FCB /* Frameworks */,
				A162D6D81E901B6E00031FCB /* CopyFiles */,
			);
			buildRules = (
			);
			dependencies = (
			);
			name = ReactNativeVolumeController;
			productName = ReactNativeVolumeController;
			productReference = A162D6DA1E901B6E00031FCB /* libReactNativeVolumeController.a */;
			productType = "com.apple.product-type.library.static";
		};
/* End PBXNativeTarget section */

/* Begin PBXProject section */
		A162D6D21E901B6D00031FCB /* Project object */ = {
			isa = PBXProject;
			attributes = {
				LastUpgradeCheck = 0830;
				ORGANIZATIONNAME = Tavernari;
				TargetAttributes = {
					A162D6D91E901B6E00031FCB = {
						CreatedOnToolsVersion = 8.3;
						DevelopmentTeam = 4REX2KBMNV;
						ProvisioningStyle = Automatic;
					};
				};
			};
			buildConfigurationList = A162D6D51E901B6D00031FCB /* Build configuration list for PBXProject "ReactNativeVolumeController" */;
			compatibilityVersion = "Xcode 3.2";
			developmentRegion = English;
			hasScannedForEncodings = 0;
			knownRegions = (
				en,
			);
			mainGroup = A162D6D11E901B6D00031FCB;
			productRefGroup = A162D6DB1E901B6E00031FCB /* Products */;
			projectDirPath = "";
			projectRoot = "";
			targets = (
				A162D6D91E901B6E00031FCB /* ReactNativeVolumeController */,
			);
		};
/* End PBXProject section */

/* Begin PBXSourcesBuildPhase section */
		A162D6D61E901B6E00031FCB /* Sources */ = {
			isa = PBXSourcesBuildPhase;
			buildActionMask = 2147483647;
			files = (
				A162D6DF1E901B6E00031FCB /* ReactNativeVolumeController.m in Sources */,
			);
			runOnlyForDeploymentPostprocessing = 0;
		};
/* End PBXSourcesBuildPhase section */

/* Begin XCBuildConfiguration section */
		A162D6E11E901B6E00031FCB /* Debug */ = {
			isa = XCBuildConfiguration;
			buildSettings = {
				ALWAYS_SEARCH_USER_PATHS = NO;
				CLANG_ANALYZER_NONNULL = YES;
				CLANG_ANALYZER_NUMBER_OBJECT_CONVERSION = YES_AGGRESSIVE;
				CLANG_CXX_LANGUAGE_STANDARD = "gnu++0x";
				CLANG_CXX_LIBRARY = "libc++";
				CLANG_ENABLE_MODULES = YES;
				CLANG_ENABLE_OBJC_ARC = YES;
				CLANG_WARN_BOOL_CONVERSION = YES;
				CLANG_WARN_CONSTANT_CONVERSION = YES;
				CLANG_WARN_DIRECT_OBJC_ISA_USAGE = YES_ERROR;
				CLANG_WARN_DOCUMENTATION_COMMENTS = YES;
				CLANG_WARN_EMPTY_BODY = YES;
				CLANG_WARN_ENUM_CONVERSION = YES;
				CLANG_WARN_INFINITE_RECURSION = YES;
				CLANG_WARN_INT_CONVERSION = YES;
				CLANG_WARN_OBJC_ROOT_CLASS = YES_ERROR;
				CLANG_WARN_SUSPICIOUS_MOVE = YES;
				CLANG_WARN_UNREACHABLE_CODE = YES;
				CLANG_WARN__DUPLICATE_METHOD_MATCH = YES;
				"CODE_SIGN_IDENTITY[sdk=iphoneos*]" = "iPhone Developer";
				COPY_PHASE_STRIP = NO;
				DEBUG_INFORMATION_FORMAT = dwarf;
				ENABLE_STRICT_OBJC_MSGSEND = YES;
				ENABLE_TESTABILITY = YES;
				GCC_C_LANGUAGE_STANDARD = gnu99;
				GCC_DYNAMIC_NO_PIC = NO;
				GCC_NO_COMMON_BLOCKS = YES;
				GCC_OPTIMIZATION_LEVEL = 0;
				GCC_PREPROCESSOR_DEFINITIONS = (
					"DEBUG=1",
					"$(inherited)",
				);
				GCC_WARN_64_TO_32_BIT_CONVERSION = YES;
				GCC_WARN_ABOUT_RETURN_TYPE = YES_ERROR;
				GCC_WARN_UNDECLARED_SELECTOR = YES;
				GCC_WARN_UNINITIALIZED_AUTOS = YES_AGGRESSIVE;
				GCC_WARN_UNUSED_FUNCTION = YES;
				GCC_WARN_UNUSED_VARIABLE = YES;
				IPHONEOS_DEPLOYMENT_TARGET = 10.3;
				MTL_ENABLE_DEBUG_INFO = YES;
				ONLY_ACTIVE_ARCH = YES;
				SDKROOT = iphoneos;
			};
			name = Debug;
		};
		A162D6E21E901B6E00031FCB /* Release */ = {
			isa = XCBuildConfiguration;
			buildSettings = {
				ALWAYS_SEARCH_USER_PATHS = NO;
				CLANG_ANALYZER_NONNULL = YES;
				CLANG_ANALYZER_NUMBER_OBJECT_CONVERSION = YES_AGGRESSIVE;
				CLANG_CXX_LANGUAGE_STANDARD = "gnu++0x";
				CLANG_CXX_LIBRARY = "libc++";
				CLANG_ENABLE_MODULES = YES;
				CLANG_ENABLE_OBJC_ARC = YES;
				CLANG_WARN_BOOL_CONVERSION = YES;
				CLANG_WARN_CONSTANT_CONVERSION = YES;
				CLANG_WARN_DIRECT_OBJC_ISA_USAGE = YES_ERROR;
				CLANG_WARN_DOCUMENTATION_COMMENTS = YES;
				CLANG_WARN_EMPTY_BODY = YES;
				CLANG_WARN_ENUM_CONVERSION = YES;
				CLANG_WARN_INFINITE_RECURSION = YES;
				CLANG_WARN_INT_CONVERSION = YES;
				CLANG_WARN_OBJC_ROOT_CLASS = YES_ERROR;
				CLANG_WARN_SUSPICIOUS_MOVE = YES;
				CLANG_WARN_UNREACHABLE_CODE = YES;
				CLANG_WARN__DUPLICATE_METHOD_MATCH = YES;
				"CODE_SIGN_IDENTITY[sdk=iphoneos*]" = "iPhone Developer";
				COPY_PHASE_STRIP = NO;
				DEBUG_INFORMATION_FORMAT = "dwarf-with-dsym";
				ENABLE_NS_ASSERTIONS = NO;
				ENABLE_STRICT_OBJC_MSGSEND = YES;
				GCC_C_LANGUAGE_STANDARD = gnu99;
				GCC_NO_COMMON_BLOCKS = YES;
				GCC_WARN_64_TO_32_BIT_CONVERSION = YES;
				GCC_WARN_ABOUT_RETURN_TYPE = YES_ERROR;
				GCC_WARN_UNDECLARED_SELECTOR = YES;
				GCC_WARN_UNINITIALIZED_AUTOS = YES_AGGRESSIVE;
				GCC_WARN_UNUSED_FUNCTION = YES;
				GCC_WARN_UNUSED_VARIABLE = YES;
				IPHONEOS_DEPLOYMENT_TARGET = 10.3;
				MTL_ENABLE_DEBUG_INFO = NO;
				SDKROOT = iphoneos;
				VALIDATE_PRODUCT = YES;
			};
			name = Release;
		};
		A162D6E41E901B6E00031FCB /* Debug */ = {
			isa = XCBuildConfiguration;
			buildSettings = {
				DEVELOPMENT_TEAM = 4REX2KBMNV;
				OTHER_LDFLAGS = "-ObjC";
				PRODUCT_NAME = "$(TARGET_NAME)";
				SKIP_INSTALL = YES;
			};
			name = Debug;
		};
		A162D6E51E901B6E00031FCB /* Release */ = {
			isa = XCBuildConfiguration;
			buildSettings = {
				DEVELOPMENT_TEAM = 4REX2KBMNV;
				OTHER_LDFLAGS = "-ObjC";
				PRODUCT_NAME = "$(TARGET_NAME)";
				SKIP_INSTALL = YES;
			};
			name = Release;
		};
/* End XCBuildConfiguration section */

/* Begin XCConfigurationList section */
		A162D6D51E901B6D00031FCB /* Build configuration list for PBXProject "ReactNativeVolumeController" */ = {
			isa = XCConfigurationList;
			buildConfigurations = (
				A162D6E11E901B6E00031FCB /* Debug */,
				A162D6E21E901B6E00031FCB /* Release */,
			);
			defaultConfigurationIsVisible = 0;
			defaultConfigurationName = Release;
		};
		A162D6E31E901B6E00031FCB /* Build configuration list for PBXNativeTarget "ReactNativeVolumeController" */ = {
			isa = XCConfigurationList;
			buildConfigurations = (
				A162D6E41E901B6E00031FCB /* Debug */,
				A162D6E51E901B6E00031FCB /* Release */,
			);
			defaultConfigurationIsVisible = 0;
		};
/* End XCConfigurationList section */
	};
	rootObject = A162D6D21E901B6D00031FCB /* Project object */;
}
